// !$*UTF8*$!
{
	archiveVersion = 1;
	classes = {
	};
	objectVersion = 46;
	objects = {

/* Begin PBXBuildFile section */
		1C8A0E1E1E84454F00C805F7 /* Seer.jpeg in Resources */ = {isa = PBXBuildFile; fileRef = 1C8A0E1A1E84454F00C805F7 /* Seer.jpeg */; };
		1C8A0E1F1E84454F00C805F7 /* Villager.jpeg in Resources */ = {isa = PBXBuildFile; fileRef = 1C8A0E1B1E84454F00C805F7 /* Villager.jpeg */; };
		1C8A0E201E84454F00C805F7 /* Witch.jpeg in Resources */ = {isa = PBXBuildFile; fileRef = 1C8A0E1C1E84454F00C805F7 /* Witch.jpeg */; };
		1C8A0E211E84454F00C805F7 /* Wolf.jpeg in Resources */ = {isa = PBXBuildFile; fileRef = 1C8A0E1D1E84454F00C805F7 /* Wolf.jpeg */; };
		6F3B34431E490A1700148A57 /* AppDelegate.swift in Sources */ = {isa = PBXBuildFile; fileRef = 6F3B34421E490A1700148A57 /* AppDelegate.swift */; };
		6F3B34451E490A1700148A57 /* GameScene.sks in Resources */ = {isa = PBXBuildFile; fileRef = 6F3B34441E490A1700148A57 /* GameScene.sks */; };
		6F3B34471E490A1700148A57 /* Actions.sks in Resources */ = {isa = PBXBuildFile; fileRef = 6F3B34461E490A1700148A57 /* Actions.sks */; };
		6F3B34491E490A1700148A57 /* GameScene.swift in Sources */ = {isa = PBXBuildFile; fileRef = 6F3B34481E490A1700148A57 /* GameScene.swift */; };
		6F3B344B1E490A1700148A57 /* GameViewController.swift in Sources */ = {isa = PBXBuildFile; fileRef = 6F3B344A1E490A1700148A57 /* GameViewController.swift */; };
		6F3B344E1E490A1700148A57 /* Main.storyboard in Resources */ = {isa = PBXBuildFile; fileRef = 6F3B344C1E490A1700148A57 /* Main.storyboard */; };
		6F3B34501E490A1700148A57 /* Assets.xcassets in Resources */ = {isa = PBXBuildFile; fileRef = 6F3B344F1E490A1700148A57 /* Assets.xcassets */; };
		6F3B34531E490A1700148A57 /* LaunchScreen.storyboard in Resources */ = {isa = PBXBuildFile; fileRef = 6F3B34511E490A1700148A57 /* LaunchScreen.storyboard */; };
		6F3B345E1E490A1800148A57 /* werewolfTests.swift in Sources */ = {isa = PBXBuildFile; fileRef = 6F3B345D1E490A1800148A57 /* werewolfTests.swift */; };
		6F3B34691E490A1800148A57 /* werewolfUITests.swift in Sources */ = {isa = PBXBuildFile; fileRef = 6F3B34681E490A1800148A57 /* werewolfUITests.swift */; };
/* End PBXBuildFile section */

/* Begin PBXContainerItemProxy section */
		6F3B345A1E490A1800148A57 /* PBXContainerItemProxy */ = {
			isa = PBXContainerItemProxy;
			containerPortal = 6F3B34371E490A1700148A57 /* Project object */;
			proxyType = 1;
			remoteGlobalIDString = 6F3B343E1E490A1700148A57;
			remoteInfo = werewolf;
		};
		6F3B34651E490A1800148A57 /* PBXContainerItemProxy */ = {
			isa = PBXContainerItemProxy;
			containerPortal = 6F3B34371E490A1700148A57 /* Project object */;
			proxyType = 1;
			remoteGlobalIDString = 6F3B343E1E490A1700148A57;
			remoteInfo = werewolf;
		};
/* End PBXContainerItemProxy section */

/* Begin PBXFileReference section */
		1C8A0E1A1E84454F00C805F7 /* Seer.jpeg */ = {isa = PBXFileReference; lastKnownFileType = image.jpeg; name = Seer.jpeg; path = ../../Assets/Images/Seer.jpeg; sourceTree = "<group>"; };
		1C8A0E1B1E84454F00C805F7 /* Villager.jpeg */ = {isa = PBXFileReference; lastKnownFileType = image.jpeg; name = Villager.jpeg; path = ../../Assets/Images/Villager.jpeg; sourceTree = "<group>"; };
		1C8A0E1C1E84454F00C805F7 /* Witch.jpeg */ = {isa = PBXFileReference; lastKnownFileType = image.jpeg; name = Witch.jpeg; path = ../../Assets/Images/Witch.jpeg; sourceTree = "<group>"; };
		1C8A0E1D1E84454F00C805F7 /* Wolf.jpeg */ = {isa = PBXFileReference; lastKnownFileType = image.jpeg; name = Wolf.jpeg; path = ../../Assets/Images/Wolf.jpeg; sourceTree = "<group>"; };
		6F3B343F1E490A1700148A57 /* werewolf.app */ = {isa = PBXFileReference; explicitFileType = wrapper.application; includeInIndex = 0; path = werewolf.app; sourceTree = BUILT_PRODUCTS_DIR; };
		6F3B34421E490A1700148A57 /* AppDelegate.swift */ = {isa = PBXFileReference; lastKnownFileType = sourcecode.swift; path = AppDelegate.swift; sourceTree = "<group>"; };
		6F3B34441E490A1700148A57 /* GameScene.sks */ = {isa = PBXFileReference; lastKnownFileType = file.sks; path = GameScene.sks; sourceTree = "<group>"; };
		6F3B34461E490A1700148A57 /* Actions.sks */ = {isa = PBXFileReference; lastKnownFileType = file.sks; path = Actions.sks; sourceTree = "<group>"; };
		6F3B34481E490A1700148A57 /* GameScene.swift */ = {isa = PBXFileReference; lastKnownFileType = sourcecode.swift; path = GameScene.swift; sourceTree = "<group>"; };
		6F3B344A1E490A1700148A57 /* GameViewController.swift */ = {isa = PBXFileReference; lastKnownFileType = sourcecode.swift; path = GameViewController.swift; sourceTree = "<group>"; };
		6F3B344D1E490A1700148A57 /* Base */ = {isa = PBXFileReference; lastKnownFileType = file.storyboard; name = Base; path = Base.lproj/Main.storyboard; sourceTree = "<group>"; };
		6F3B344F1E490A1700148A57 /* Assets.xcassets */ = {isa = PBXFileReference; lastKnownFileType = folder.assetcatalog; path = Assets.xcassets; sourceTree = "<group>"; };
		6F3B34521E490A1700148A57 /* Base */ = {isa = PBXFileReference; lastKnownFileType = file.storyboard; name = Base; path = Base.lproj/LaunchScreen.storyboard; sourceTree = "<group>"; };
		6F3B34541E490A1700148A57 /* Info.plist */ = {isa = PBXFileReference; lastKnownFileType = text.plist.xml; path = Info.plist; sourceTree = "<group>"; };
		6F3B34591E490A1800148A57 /* werewolfTests.xctest */ = {isa = PBXFileReference; explicitFileType = wrapper.cfbundle; includeInIndex = 0; path = werewolfTests.xctest; sourceTree = BUILT_PRODUCTS_DIR; };
		6F3B345D1E490A1800148A57 /* werewolfTests.swift */ = {isa = PBXFileReference; lastKnownFileType = sourcecode.swift; path = werewolfTests.swift; sourceTree = "<group>"; };
		6F3B345F1E490A1800148A57 /* Info.plist */ = {isa = PBXFileReference; lastKnownFileType = text.plist.xml; path = Info.plist; sourceTree = "<group>"; };
		6F3B34641E490A1800148A57 /* werewolfUITests.xctest */ = {isa = PBXFileReference; explicitFileType = wrapper.cfbundle; includeInIndex = 0; path = werewolfUITests.xctest; sourceTree = BUILT_PRODUCTS_DIR; };
		6F3B34681E490A1800148A57 /* werewolfUITests.swift */ = {isa = PBXFileReference; lastKnownFileType = sourcecode.swift; path = werewolfUITests.swift; sourceTree = "<group>"; };
		6F3B346A1E490A1800148A57 /* Info.plist */ = {isa = PBXFileReference; lastKnownFileType = text.plist.xml; path = Info.plist; sourceTree = "<group>"; };
/* End PBXFileReference section */

/* Begin PBXFrameworksBuildPhase section */
		6F3B343C1E490A1700148A57 /* Frameworks */ = {
			isa = PBXFrameworksBuildPhase;
			buildActionMask = 2147483647;
			files = (
			);
			runOnlyForDeploymentPostprocessing = 0;
		};
		6F3B34561E490A1800148A57 /* Frameworks */ = {
			isa = PBXFrameworksBuildPhase;
			buildActionMask = 2147483647;
			files = (
			);
			runOnlyForDeploymentPostprocessing = 0;
		};
		6F3B34611E490A1800148A57 /* Frameworks */ = {
			isa = PBXFrameworksBuildPhase;
			buildActionMask = 2147483647;
			files = (
			);
			runOnlyForDeploymentPostprocessing = 0;
		};
/* End PBXFrameworksBuildPhase section */

/* Begin PBXGroup section */
		6F3B34361E490A1700148A57 = {
			isa = PBXGroup;
			children = (
				6F3B34411E490A1700148A57 /* werewolf */,
				6F3B345C1E490A1800148A57 /* werewolfTests */,
				6F3B34671E490A1800148A57 /* werewolfUITests */,
				6F3B34401E490A1700148A57 /* Products */,
			);
			sourceTree = "<group>";
		};
		6F3B34401E490A1700148A57 /* Products */ = {
			isa = PBXGroup;
			children = (
				6F3B343F1E490A1700148A57 /* werewolf.app */,
				6F3B34591E490A1800148A57 /* werewolfTests.xctest */,
				6F3B34641E490A1800148A57 /* werewolfUITests.xctest */,
			);
			name = Products;
			sourceTree = "<group>";
		};
		6F3B34411E490A1700148A57 /* werewolf */ = {
			isa = PBXGroup;
			children = (
				6F3B34421E490A1700148A57 /* AppDelegate.swift */,
				6F3B34441E490A1700148A57 /* GameScene.sks */,
				6F3B34461E490A1700148A57 /* Actions.sks */,
				6F3B34481E490A1700148A57 /* GameScene.swift */,
				6F3B344A1E490A1700148A57 /* GameViewController.swift */,
				6F3B344C1E490A1700148A57 /* Main.storyboard */,
				1C8A0E1A1E84454F00C805F7 /* Seer.jpeg */,
				1C8A0E1B1E84454F00C805F7 /* Villager.jpeg */,
				1C8A0E1C1E84454F00C805F7 /* Witch.jpeg */,
				1C8A0E1D1E84454F00C805F7 /* Wolf.jpeg */,
				6F3B344F1E490A1700148A57 /* Assets.xcassets */,
				6F3B34511E490A1700148A57 /* LaunchScreen.storyboard */,
				6F3B34541E490A1700148A57 /* Info.plist */,
			);
			path = werewolf;
			sourceTree = "<group>";
		};
		6F3B345C1E490A1800148A57 /* werewolfTests */ = {
			isa = PBXGroup;
			children = (
				6F3B345D1E490A1800148A57 /* werewolfTests.swift */,
				6F3B345F1E490A1800148A57 /* Info.plist */,
			);
			path = werewolfTests;
			sourceTree = "<group>";
		};
		6F3B34671E490A1800148A57 /* werewolfUITests */ = {
			isa = PBXGroup;
			children = (
				6F3B34681E490A1800148A57 /* werewolfUITests.swift */,
				6F3B346A1E490A1800148A57 /* Info.plist */,
			);
			path = werewolfUITests;
			sourceTree = "<group>";
		};
/* End PBXGroup section */

/* Begin PBXNativeTarget section */
		6F3B343E1E490A1700148A57 /* werewolf */ = {
			isa = PBXNativeTarget;
			buildConfigurationList = 6F3B346D1E490A1800148A57 /* Build configuration list for PBXNativeTarget "werewolf" */;
			buildPhases = (
				6F3B343B1E490A1700148A57 /* Sources */,
				6F3B343C1E490A1700148A57 /* Frameworks */,
				6F3B343D1E490A1700148A57 /* Resources */,
			);
			buildRules = (
			);
			dependencies = (
			);
			name = werewolf;
			productName = werewolf;
			productReference = 6F3B343F1E490A1700148A57 /* werewolf.app */;
			productType = "com.apple.product-type.application";
		};
		6F3B34581E490A1800148A57 /* werewolfTests */ = {
			isa = PBXNativeTarget;
			buildConfigurationList = 6F3B34701E490A1800148A57 /* Build configuration list for PBXNativeTarget "werewolfTests" */;
			buildPhases = (
				6F3B34551E490A1800148A57 /* Sources */,
				6F3B34561E490A1800148A57 /* Frameworks */,
				6F3B34571E490A1800148A57 /* Resources */,
			);
			buildRules = (
			);
			dependencies = (
				6F3B345B1E490A1800148A57 /* PBXTargetDependency */,
			);
			name = werewolfTests;
			productName = werewolfTests;
			productReference = 6F3B34591E490A1800148A57 /* werewolfTests.xctest */;
			productType = "com.apple.product-type.bundle.unit-test";
		};
		6F3B34631E490A1800148A57 /* werewolfUITests */ = {
			isa = PBXNativeTarget;
			buildConfigurationList = 6F3B34731E490A1800148A57 /* Build configuration list for PBXNativeTarget "werewolfUITests" */;
			buildPhases = (
				6F3B34601E490A1800148A57 /* Sources */,
				6F3B34611E490A1800148A57 /* Frameworks */,
				6F3B34621E490A1800148A57 /* Resources */,
			);
			buildRules = (
			);
			dependencies = (
				6F3B34661E490A1800148A57 /* PBXTargetDependency */,
			);
			name = werewolfUITests;
			productName = werewolfUITests;
			productReference = 6F3B34641E490A1800148A57 /* werewolfUITests.xctest */;
			productType = "com.apple.product-type.bundle.ui-testing";
		};
/* End PBXNativeTarget section */

/* Begin PBXProject section */
		6F3B34371E490A1700148A57 /* Project object */ = {
			isa = PBXProject;
			attributes = {
				LastSwiftUpdateCheck = 0820;
				LastUpgradeCheck = 0820;
				ORGANIZATIONNAME = "Eve Fang";
				TargetAttributes = {
					6F3B343E1E490A1700148A57 = {
						CreatedOnToolsVersion = 8.2.1;
						ProvisioningStyle = Automatic;
					};
					6F3B34581E490A1800148A57 = {
						CreatedOnToolsVersion = 8.2.1;
						ProvisioningStyle = Automatic;
						TestTargetID = 6F3B343E1E490A1700148A57;
					};
					6F3B34631E490A1800148A57 = {
						CreatedOnToolsVersion = 8.2.1;
						ProvisioningStyle = Automatic;
						TestTargetID = 6F3B343E1E490A1700148A57;
					};
				};
			};
			buildConfigurationList = 6F3B343A1E490A1700148A57 /* Build configuration list for PBXProject "werewolf" */;
			compatibilityVersion = "Xcode 3.2";
			developmentRegion = English;
			hasScannedForEncodings = 0;
			knownRegions = (
				en,
				Base,
			);
			mainGroup = 6F3B34361E490A1700148A57;
			productRefGroup = 6F3B34401E490A1700148A57 /* Products */;
			projectDirPath = "";
			projectRoot = "";
			targets = (
				6F3B343E1E490A1700148A57 /* werewolf */,
				6F3B34581E490A1800148A57 /* werewolfTests */,
				6F3B34631E490A1800148A57 /* werewolfUITests */,
			);
		};
/* End PBXProject section */

/* Begin PBXResourcesBuildPhase section */
		6F3B343D1E490A1700148A57 /* Resources */ = {
			isa = PBXResourcesBuildPhase;
			buildActionMask = 2147483647;
			files = (
				6F3B344E1E490A1700148A57 /* Main.storyboard in Resources */,
				6F3B34451E490A1700148A57 /* GameScene.sks in Resources */,
				1C8A0E211E84454F00C805F7 /* Wolf.jpeg in Resources */,
				1C8A0E1E1E84454F00C805F7 /* Seer.jpeg in Resources */,
				6F3B34501E490A1700148A57 /* Assets.xcassets in Resources */,
				1C8A0E1F1E84454F00C805F7 /* Villager.jpeg in Resources */,
				1C8A0E201E84454F00C805F7 /* Witch.jpeg in Resources */,
				6F3B34531E490A1700148A57 /* LaunchScreen.storyboard in Resources */,
				6F3B34471E490A1700148A57 /* Actions.sks in Resources */,
			);
			runOnlyForDeploymentPostprocessing = 0;
		};
		6F3B34571E490A1800148A57 /* Resources */ = {
			isa = PBXResourcesBuildPhase;
			buildActionMask = 2147483647;
			files = (
			);
			runOnlyForDeploymentPostprocessing = 0;
		};
		6F3B34621E490A1800148A57 /* Resources */ = {
			isa = PBXResourcesBuildPhase;
			buildActionMask = 2147483647;
			files = (
			);
			runOnlyForDeploymentPostprocessing = 0;
		};
/* End PBXResourcesBuildPhase section */

/* Begin PBXSourcesBuildPhase section */
		6F3B343B1E490A1700148A57 /* Sources */ = {
			isa = PBXSourcesBuildPhase;
			buildActionMask = 2147483647;
			files = (
				6F3B34491E490A1700148A57 /* GameScene.swift in Sources */,
				6F3B344B1E490A1700148A57 /* GameViewController.swift in Sources */,
				6F3B34431E490A1700148A57 /* AppDelegate.swift in Sources */,
			);
			runOnlyForDeploymentPostprocessing = 0;
		};
		6F3B34551E490A1800148A57 /* Sources */ = {
			isa = PBXSourcesBuildPhase;
			buildActionMask = 2147483647;
			files = (
				6F3B345E1E490A1800148A57 /* werewolfTests.swift in Sources */,
			);
			runOnlyForDeploymentPostprocessing = 0;
		};
		6F3B34601E490A1800148A57 /* Sources */ = {
			isa = PBXSourcesBuildPhase;
			buildActionMask = 2147483647;
			files = (
				6F3B34691E490A1800148A57 /* werewolfUITests.swift in Sources */,
			);
			runOnlyForDeploymentPostprocessing = 0;
		};
/* End PBXSourcesBuildPhase section */

/* Begin PBXTargetDependency section */
		6F3B345B1E490A1800148A57 /* PBXTargetDependency */ = {
			isa = PBXTargetDependency;
			target = 6F3B343E1E490A1700148A57 /* werewolf */;
			targetProxy = 6F3B345A1E490A1800148A57 /* PBXContainerItemProxy */;
		};
		6F3B34661E490A1800148A57 /* PBXTargetDependency */ = {
			isa = PBXTargetDependency;
			target = 6F3B343E1E490A1700148A57 /* werewolf */;
			targetProxy = 6F3B34651E490A1800148A57 /* PBXContainerItemProxy */;
		};
/* End PBXTargetDependency section */

/* Begin PBXVariantGroup section */
		6F3B344C1E490A1700148A57 /* Main.storyboard */ = {
			isa = PBXVariantGroup;
			children = (
				6F3B344D1E490A1700148A57 /* Base */,
			);
			name = Main.storyboard;
			sourceTree = "<group>";
		};
		6F3B34511E490A1700148A57 /* LaunchScreen.storyboard */ = {
			isa = PBXVariantGroup;
			children = (
				6F3B34521E490A1700148A57 /* Base */,
			);
			name = LaunchScreen.storyboard;
			sourceTree = "<group>";
		};
/* End PBXVariantGroup section */

/* Begin XCBuildConfiguration section */
		6F3B346B1E490A1800148A57 /* Debug */ = {
			isa = XCBuildConfiguration;
			buildSettings = {
				ALWAYS_SEARCH_USER_PATHS = NO;
				CLANG_ANALYZER_NONNULL = YES;
				CLANG_CXX_LANGUAGE_STANDARD = "gnu++0x";
				CLANG_CXX_LIBRARY = "libc++";
				CLANG_ENABLE_MODULES = YES;
				CLANG_ENABLE_OBJC_ARC = YES;
				CLANG_WARN_BOOL_CONVERSION = YES;
				CLANG_WARN_CONSTANT_CONVERSION = YES;
				CLANG_WARN_DIRECT_OBJC_ISA_USAGE = YES_ERROR;
				CLANG_WARN_DOCUMENTATION_COMMENTS = YES;
				CLANG_WARN_EMPTY_BODY = YES;
				CLANG_WARN_ENUM_CONVERSION = YES;
				CLANG_WARN_INFINITE_RECURSION = YES;
				CLANG_WARN_INT_CONVERSION = YES;
				CLANG_WARN_OBJC_ROOT_CLASS = YES_ERROR;
				CLANG_WARN_SUSPICIOUS_MOVE = YES;
				CLANG_WARN_UNREACHABLE_CODE = YES;
				CLANG_WARN__DUPLICATE_METHOD_MATCH = YES;
				"CODE_SIGN_IDENTITY[sdk=iphoneos*]" = "iPhone Developer";
				COPY_PHASE_STRIP = NO;
				DEBUG_INFORMATION_FORMAT = dwarf;
				ENABLE_STRICT_OBJC_MSGSEND = YES;
				ENABLE_TESTABILITY = YES;
				GCC_C_LANGUAGE_STANDARD = gnu99;
				GCC_DYNAMIC_NO_PIC = NO;
				GCC_NO_COMMON_BLOCKS = YES;
				GCC_OPTIMIZATION_LEVEL = 0;
				GCC_PREPROCESSOR_DEFINITIONS = (
					"DEBUG=1",
					"$(inherited)",
				);
				GCC_WARN_64_TO_32_BIT_CONVERSION = YES;
				GCC_WARN_ABOUT_RETURN_TYPE = YES_ERROR;
				GCC_WARN_UNDECLARED_SELECTOR = YES;
				GCC_WARN_UNINITIALIZED_AUTOS = YES_AGGRESSIVE;
				GCC_WARN_UNUSED_FUNCTION = YES;
				GCC_WARN_UNUSED_VARIABLE = YES;
				IPHONEOS_DEPLOYMENT_TARGET = 10.2;
				MTL_ENABLE_DEBUG_INFO = YES;
				ONLY_ACTIVE_ARCH = YES;
				SDKROOT = iphoneos;
				SWIFT_ACTIVE_COMPILATION_CONDITIONS = DEBUG;
				SWIFT_OPTIMIZATION_LEVEL = "-Onone";
			};
			name = Debug;
		};
		6F3B346C1E490A1800148A57 /* Release */ = {
			isa = XCBuildConfiguration;
			buildSettings = {
				ALWAYS_SEARCH_USER_PATHS = NO;
				CLANG_ANALYZER_NONNULL = YES;
				CLANG_CXX_LANGUAGE_STANDARD = "gnu++0x";
				CLANG_CXX_LIBRARY = "libc++";
				CLANG_ENABLE_MODULES = YES;
				CLANG_ENABLE_OBJC_ARC = YES;
				CLANG_WARN_BOOL_CONVERSION = YES;
				CLANG_WARN_CONSTANT_CONVERSION = YES;
				CLANG_WARN_DIRECT_OBJC_ISA_USAGE = YES_ERROR;
				CLANG_WARN_DOCUMENTATION_COMMENTS = YES;
				CLANG_WARN_EMPTY_BODY = YES;
				CLANG_WARN_ENUM_CONVERSION = YES;
				CLANG_WARN_INFINITE_RECURSION = YES;
				CLANG_WARN_INT_CONVERSION = YES;
				CLANG_WARN_OBJC_ROOT_CLASS = YES_ERROR;
				CLANG_WARN_SUSPICIOUS_MOVE = YES;
				CLANG_WARN_UNREACHABLE_CODE = YES;
				CLANG_WARN__DUPLICATE_METHOD_MATCH = YES;
				"CODE_SIGN_IDENTITY[sdk=iphoneos*]" = "iPhone Developer";
				COPY_PHASE_STRIP = NO;
				DEBUG_INFORMATION_FORMAT = "dwarf-with-dsym";
				ENABLE_NS_ASSERTIONS = NO;
				ENABLE_STRICT_OBJC_MSGSEND = YES;
				GCC_C_LANGUAGE_STANDARD = gnu99;
				GCC_NO_COMMON_BLOCKS = YES;
				GCC_WARN_64_TO_32_BIT_CONVERSION = YES;
				GCC_WARN_ABOUT_RETURN_TYPE = YES_ERROR;
				GCC_WARN_UNDECLARED_SELECTOR = YES;
				GCC_WARN_UNINITIALIZED_AUTOS = YES_AGGRESSIVE;
				GCC_WARN_UNUSED_FUNCTION = YES;
				GCC_WARN_UNUSED_VARIABLE = YES;
				IPHONEOS_DEPLOYMENT_TARGET = 10.2;
				MTL_ENABLE_DEBUG_INFO = NO;
				SDKROOT = iphoneos;
				SWIFT_OPTIMIZATION_LEVEL = "-Owholemodule";
				VALIDATE_PRODUCT = YES;
			};
			name = Release;
		};
		6F3B346E1E490A1800148A57 /* Debug */ = {
			isa = XCBuildConfiguration;
			buildSettings = {
				ASSETCATALOG_COMPILER_APPICON_NAME = AppIcon;
				INFOPLIST_FILE = werewolf/Info.plist;
				LD_RUNPATH_SEARCH_PATHS = "$(inherited) @executable_path/Frameworks";
				PRODUCT_BUNDLE_IDENTIFIER = sdd.werewolf;
				PRODUCT_NAME = "$(TARGET_NAME)";
				SWIFT_VERSION = 3.0;
			};
			name = Debug;
		};
		6F3B346F1E490A1800148A57 /* Release */ = {
			isa = XCBuildConfiguration;
			buildSettings = {
				ASSETCATALOG_COMPILER_APPICON_NAME = AppIcon;
				INFOPLIST_FILE = werewolf/Info.plist;
				LD_RUNPATH_SEARCH_PATHS = "$(inherited) @executable_path/Frameworks";
				PRODUCT_BUNDLE_IDENTIFIER = sdd.werewolf;
				PRODUCT_NAME = "$(TARGET_NAME)";
				SWIFT_VERSION = 3.0;
			};
			name = Release;
		};
		6F3B34711E490A1800148A57 /* Debug */ = {
			isa = XCBuildConfiguration;
			buildSettings = {
				ALWAYS_EMBED_SWIFT_STANDARD_LIBRARIES = YES;
				BUNDLE_LOADER = "$(TEST_HOST)";
				INFOPLIST_FILE = werewolfTests/Info.plist;
				LD_RUNPATH_SEARCH_PATHS = "$(inherited) @executable_path/Frameworks @loader_path/Frameworks";
				PRODUCT_BUNDLE_IDENTIFIER = sdd.werewolfTests;
				PRODUCT_NAME = "$(TARGET_NAME)";
				SWIFT_VERSION = 3.0;
				TEST_HOST = "$(BUILT_PRODUCTS_DIR)/werewolf.app/werewolf";
			};
			name = Debug;
		};
		6F3B34721E490A1800148A57 /* Release */ = {
			isa = XCBuildConfiguration;
			buildSettings = {
				ALWAYS_EMBED_SWIFT_STANDARD_LIBRARIES = YES;
				BUNDLE_LOADER = "$(TEST_HOST)";
				INFOPLIST_FILE = werewolfTests/Info.plist;
				LD_RUNPATH_SEARCH_PATHS = "$(inherited) @executable_path/Frameworks @loader_path/Frameworks";
				PRODUCT_BUNDLE_IDENTIFIER = sdd.werewolfTests;
				PRODUCT_NAME = "$(TARGET_NAME)";
				SWIFT_VERSION = 3.0;
				TEST_HOST = "$(BUILT_PRODUCTS_DIR)/werewolf.app/werewolf";
			};
			name = Release;
		};
		6F3B34741E490A1800148A57 /* Debug */ = {
			isa = XCBuildConfiguration;
			buildSettings = {
				ALWAYS_EMBED_SWIFT_STANDARD_LIBRARIES = YES;
				INFOPLIST_FILE = werewolfUITests/Info.plist;
				LD_RUNPATH_SEARCH_PATHS = "$(inherited) @executable_path/Frameworks @loader_path/Frameworks";
				PRODUCT_BUNDLE_IDENTIFIER = sdd.werewolfUITests;
				PRODUCT_NAME = "$(TARGET_NAME)";
				SWIFT_VERSION = 3.0;
				TEST_TARGET_NAME = werewolf;
			};
			name = Debug;
		};
		6F3B34751E490A1800148A57 /* Release */ = {
			isa = XCBuildConfiguration;
			buildSettings = {
				ALWAYS_EMBED_SWIFT_STANDARD_LIBRARIES = YES;
				INFOPLIST_FILE = werewolfUITests/Info.plist;
				LD_RUNPATH_SEARCH_PATHS = "$(inherited) @executable_path/Frameworks @loader_path/Frameworks";
				PRODUCT_BUNDLE_IDENTIFIER = sdd.werewolfUITests;
				PRODUCT_NAME = "$(TARGET_NAME)";
				SWIFT_VERSION = 3.0;
				TEST_TARGET_NAME = werewolf;
			};
			name = Release;
		};
/* End XCBuildConfiguration section */

/* Begin XCConfigurationList section */
		6F3B343A1E490A1700148A57 /* Build configuration list for PBXProject "werewolf" */ = {
			isa = XCConfigurationList;
			buildConfigurations = (
				6F3B346B1E490A1800148A57 /* Debug */,
				6F3B346C1E490A1800148A57 /* Release */,
			);
			defaultConfigurationIsVisible = 0;
			defaultConfigurationName = Release;
		};
		6F3B346D1E490A1800148A57 /* Build configuration list for PBXNativeTarget "werewolf" */ = {
			isa = XCConfigurationList;
			buildConfigurations = (
				6F3B346E1E490A1800148A57 /* Debug */,
				6F3B346F1E490A1800148A57 /* Release */,
			);
			defaultConfigurationIsVisible = 0;
			defaultConfigurationName = Release;
		};
		6F3B34701E490A1800148A57 /* Build configuration list for PBXNativeTarget "werewolfTests" */ = {
			isa = XCConfigurationList;
			buildConfigurations = (
				6F3B34711E490A1800148A57 /* Debug */,
				6F3B34721E490A1800148A57 /* Release */,
			);
			defaultConfigurationIsVisible = 0;
			defaultConfigurationName = Release;
		};
		6F3B34731E490A1800148A57 /* Build configuration list for PBXNativeTarget "werewolfUITests" */ = {
			isa = XCConfigurationList;
			buildConfigurations = (
				6F3B34741E490A1800148A57 /* Debug */,
				6F3B34751E490A1800148A57 /* Release */,
			);
			defaultConfigurationIsVisible = 0;
			defaultConfigurationName = Release;
		};
/* End XCConfigurationList section */
	};
	rootObject = 6F3B34371E490A1700148A57 /* Project object */;
}
